// !$*UTF8*$!
{
	archiveVersion = 1;
	classes = {
	};
	objectVersion = 56;
	objects = {

/* Begin PBXBuildFile section */
		01C4CCD42C9EBD660059DE1C /* AppDelegate.swift in Sources */ = {isa = PBXBuildFile; fileRef = 01C4CCD32C9EBD660059DE1C /* AppDelegate.swift */; };
		01C4CCD62C9EBD660059DE1C /* SceneDelegate.swift in Sources */ = {isa = PBXBuildFile; fileRef = 01C4CCD52C9EBD660059DE1C /* SceneDelegate.swift */; };
		01C4CCDB2C9EBD660059DE1C /* Main.storyboard in Resources */ = {isa = PBXBuildFile; fileRef = 01C4CCD92C9EBD660059DE1C /* Main.storyboard */; };
		01C4CCDD2C9EBD690059DE1C /* Assets.xcassets in Resources */ = {isa = PBXBuildFile; fileRef = 01C4CCDC2C9EBD690059DE1C /* Assets.xcassets */; };
		01C4CCE02C9EBD690059DE1C /* LaunchScreen.storyboard in Resources */ = {isa = PBXBuildFile; fileRef = 01C4CCDE2C9EBD690059DE1C /* LaunchScreen.storyboard */; };
		01C4CCEB2C9EC34B0059DE1C /* FirebaseAnalytics in Frameworks */ = {isa = PBXBuildFile; productRef = 01C4CCEA2C9EC34B0059DE1C /* FirebaseAnalytics */; };
		01C4CCED2C9EC34B0059DE1C /* FirebaseAnalyticsOnDeviceConversion in Frameworks */ = {isa = PBXBuildFile; productRef = 01C4CCEC2C9EC34B0059DE1C /* FirebaseAnalyticsOnDeviceConversion */; };
		01C4CCEF2C9EC34B0059DE1C /* FirebaseAnalyticsWithoutAdIdSupport in Frameworks */ = {isa = PBXBuildFile; productRef = 01C4CCEE2C9EC34B0059DE1C /* FirebaseAnalyticsWithoutAdIdSupport */; };
		01C4CCF12C9EC34B0059DE1C /* FirebaseAppCheck in Frameworks */ = {isa = PBXBuildFile; productRef = 01C4CCF02C9EC34B0059DE1C /* FirebaseAppCheck */; };
		01C4CCF32C9EC34B0059DE1C /* FirebaseAppDistribution-Beta in Frameworks */ = {isa = PBXBuildFile; productRef = 01C4CCF22C9EC34B0059DE1C /* FirebaseAppDistribution-Beta */; };
		01C4CCF52C9EC34B0059DE1C /* FirebaseAuth in Frameworks */ = {isa = PBXBuildFile; productRef = 01C4CCF42C9EC34B0059DE1C /* FirebaseAuth */; };
		01C4CCF72C9EC34B0059DE1C /* FirebaseAuthCombine-Community in Frameworks */ = {isa = PBXBuildFile; productRef = 01C4CCF62C9EC34B0059DE1C /* FirebaseAuthCombine-Community */; };
		01C4CCF92C9EC34B0059DE1C /* FirebaseCrashlytics in Frameworks */ = {isa = PBXBuildFile; productRef = 01C4CCF82C9EC34B0059DE1C /* FirebaseCrashlytics */; };
		01C4CCFB2C9EC34B0059DE1C /* FirebaseDatabase in Frameworks */ = {isa = PBXBuildFile; productRef = 01C4CCFA2C9EC34B0059DE1C /* FirebaseDatabase */; };
		01C4CCFD2C9EC34B0059DE1C /* FirebaseDynamicLinks in Frameworks */ = {isa = PBXBuildFile; productRef = 01C4CCFC2C9EC34B0059DE1C /* FirebaseDynamicLinks */; };
		01C4CCFF2C9EC34B0059DE1C /* FirebaseFirestore in Frameworks */ = {isa = PBXBuildFile; productRef = 01C4CCFE2C9EC34B0059DE1C /* FirebaseFirestore */; };
		01C4CD012C9EC34B0059DE1C /* FirebaseFirestoreCombine-Community in Frameworks */ = {isa = PBXBuildFile; productRef = 01C4CD002C9EC34B0059DE1C /* FirebaseFirestoreCombine-Community */; };
		01C4CD032C9EC34B0059DE1C /* FirebaseFunctions in Frameworks */ = {isa = PBXBuildFile; productRef = 01C4CD022C9EC34B0059DE1C /* FirebaseFunctions */; };
		01C4CD052C9EC34B0059DE1C /* FirebaseFunctionsCombine-Community in Frameworks */ = {isa = PBXBuildFile; productRef = 01C4CD042C9EC34B0059DE1C /* FirebaseFunctionsCombine-Community */; };
		01C4CD072C9EC34B0059DE1C /* FirebaseInAppMessaging-Beta in Frameworks */ = {isa = PBXBuildFile; productRef = 01C4CD062C9EC34B0059DE1C /* FirebaseInAppMessaging-Beta */; };
		01C4CD092C9EC34B0059DE1C /* FirebaseInstallations in Frameworks */ = {isa = PBXBuildFile; productRef = 01C4CD082C9EC34B0059DE1C /* FirebaseInstallations */; };
		01C4CD0B2C9EC34B0059DE1C /* FirebaseMLModelDownloader in Frameworks */ = {isa = PBXBuildFile; productRef = 01C4CD0A2C9EC34B0059DE1C /* FirebaseMLModelDownloader */; };
		01C4CD0D2C9EC34B0059DE1C /* FirebaseMessaging in Frameworks */ = {isa = PBXBuildFile; productRef = 01C4CD0C2C9EC34B0059DE1C /* FirebaseMessaging */; };
		01C4CD0F2C9EC34B0059DE1C /* FirebasePerformance in Frameworks */ = {isa = PBXBuildFile; productRef = 01C4CD0E2C9EC34B0059DE1C /* FirebasePerformance */; };
		01C4CD112C9EC34B0059DE1C /* FirebaseRemoteConfig in Frameworks */ = {isa = PBXBuildFile; productRef = 01C4CD102C9EC34B0059DE1C /* FirebaseRemoteConfig */; };
		01C4CD132C9EC34B0059DE1C /* FirebaseStorage in Frameworks */ = {isa = PBXBuildFile; productRef = 01C4CD122C9EC34B0059DE1C /* FirebaseStorage */; };
		01C4CD152C9EC34B0059DE1C /* FirebaseStorageCombine-Community in Frameworks */ = {isa = PBXBuildFile; productRef = 01C4CD142C9EC34B0059DE1C /* FirebaseStorageCombine-Community */; };
		01C4CD172C9EC34B0059DE1C /* FirebaseVertexAI-Preview in Frameworks */ = {isa = PBXBuildFile; productRef = 01C4CD162C9EC34B0059DE1C /* FirebaseVertexAI-Preview */; };
		01C4CD192C9EC71D0059DE1C /* MainTabBarController.swift in Sources */ = {isa = PBXBuildFile; fileRef = 01C4CD182C9EC71D0059DE1C /* MainTabBarController.swift */; };
		01C4CD1B2C9EC7910059DE1C /* HomeViewController.swift in Sources */ = {isa = PBXBuildFile; fileRef = 01C4CD1A2C9EC7910059DE1C /* HomeViewController.swift */; };
		01C4CD1D2C9EC7AA0059DE1C /* LibraryViewController.swift in Sources */ = {isa = PBXBuildFile; fileRef = 01C4CD1C2C9EC7AA0059DE1C /* LibraryViewController.swift */; };
		01C4CD1F2C9EC7BE0059DE1C /* MarketViewController.swift in Sources */ = {isa = PBXBuildFile; fileRef = 01C4CD1E2C9EC7BE0059DE1C /* MarketViewController.swift */; };
		01C4CD212C9EC7D40059DE1C /* ProfileViewController.swift in Sources */ = {isa = PBXBuildFile; fileRef = 01C4CD202C9EC7D40059DE1C /* ProfileViewController.swift */; };
		01C4CD232C9ECE140059DE1C /* LoginViewController.swift in Sources */ = {isa = PBXBuildFile; fileRef = 01C4CD222C9ECE140059DE1C /* LoginViewController.swift */; };
		01C4CD252C9ECE570059DE1C /* SignupViewController.swift in Sources */ = {isa = PBXBuildFile; fileRef = 01C4CD242C9ECE570059DE1C /* SignupViewController.swift */; };
		01C4CD282C9ED66D0059DE1C /* GoogleSignIn in Frameworks */ = {isa = PBXBuildFile; productRef = 01C4CD272C9ED66D0059DE1C /* GoogleSignIn */; };
		01C4CD2A2C9ED66D0059DE1C /* GoogleSignInSwift in Frameworks */ = {isa = PBXBuildFile; productRef = 01C4CD292C9ED66D0059DE1C /* GoogleSignInSwift */; };
		01C4CD2C2C9ED83E0059DE1C /* GoogleService-Info.plist in Resources */ = {isa = PBXBuildFile; fileRef = 01C4CD2B2C9ED83E0059DE1C /* GoogleService-Info.plist */; };
		01C4CD2F2C9EEB4C0059DE1C /* Alamofire in Frameworks */ = {isa = PBXBuildFile; productRef = 01C4CD2E2C9EEB4C0059DE1C /* Alamofire */; };
		01C4CD312C9EEB4C0059DE1C /* AlamofireDynamic in Frameworks */ = {isa = PBXBuildFile; productRef = 01C4CD302C9EEB4C0059DE1C /* AlamofireDynamic */; };
		01C4CD342C9F200E0059DE1C /* AlamofireImage in Frameworks */ = {isa = PBXBuildFile; productRef = 01C4CD332C9F200E0059DE1C /* AlamofireImage */; };
/* End PBXBuildFile section */

/* Begin PBXFileReference section */
		01C4CCD02C9EBD660059DE1C /* GameHub.app */ = {isa = PBXFileReference; explicitFileType = wrapper.application; includeInIndex = 0; path = GameHub.app; sourceTree = BUILT_PRODUCTS_DIR; };
		01C4CCD32C9EBD660059DE1C /* AppDelegate.swift */ = {isa = PBXFileReference; lastKnownFileType = sourcecode.swift; path = AppDelegate.swift; sourceTree = "<group>"; };
		01C4CCD52C9EBD660059DE1C /* SceneDelegate.swift */ = {isa = PBXFileReference; lastKnownFileType = sourcecode.swift; path = SceneDelegate.swift; sourceTree = "<group>"; };
		01C4CCDA2C9EBD660059DE1C /* Base */ = {isa = PBXFileReference; lastKnownFileType = file.storyboard; name = Base; path = Base.lproj/Main.storyboard; sourceTree = "<group>"; };
		01C4CCDC2C9EBD690059DE1C /* Assets.xcassets */ = {isa = PBXFileReference; lastKnownFileType = folder.assetcatalog; path = Assets.xcassets; sourceTree = "<group>"; };
		01C4CCDF2C9EBD690059DE1C /* Base */ = {isa = PBXFileReference; lastKnownFileType = file.storyboard; name = Base; path = Base.lproj/LaunchScreen.storyboard; sourceTree = "<group>"; };
		01C4CCE12C9EBD690059DE1C /* Info.plist */ = {isa = PBXFileReference; lastKnownFileType = text.plist.xml; path = Info.plist; sourceTree = "<group>"; };
		01C4CD182C9EC71D0059DE1C /* MainTabBarController.swift */ = {isa = PBXFileReference; lastKnownFileType = sourcecode.swift; path = MainTabBarController.swift; sourceTree = "<group>"; };
		01C4CD1A2C9EC7910059DE1C /* HomeViewController.swift */ = {isa = PBXFileReference; lastKnownFileType = sourcecode.swift; path = HomeViewController.swift; sourceTree = "<group>"; };
		01C4CD1C2C9EC7AA0059DE1C /* LibraryViewController.swift */ = {isa = PBXFileReference; lastKnownFileType = sourcecode.swift; path = LibraryViewController.swift; sourceTree = "<group>"; };
		01C4CD1E2C9EC7BE0059DE1C /* MarketViewController.swift */ = {isa = PBXFileReference; lastKnownFileType = sourcecode.swift; path = MarketViewController.swift; sourceTree = "<group>"; };
		01C4CD202C9EC7D40059DE1C /* ProfileViewController.swift */ = {isa = PBXFileReference; lastKnownFileType = sourcecode.swift; path = ProfileViewController.swift; sourceTree = "<group>"; };
		01C4CD222C9ECE140059DE1C /* LoginViewController.swift */ = {isa = PBXFileReference; lastKnownFileType = sourcecode.swift; path = LoginViewController.swift; sourceTree = "<group>"; };
		01C4CD242C9ECE570059DE1C /* SignupViewController.swift */ = {isa = PBXFileReference; lastKnownFileType = sourcecode.swift; path = SignupViewController.swift; sourceTree = "<group>"; };
		01C4CD2B2C9ED83E0059DE1C /* GoogleService-Info.plist */ = {isa = PBXFileReference; fileEncoding = 4; lastKnownFileType = text.plist.xml; path = "GoogleService-Info.plist"; sourceTree = "<group>"; };
/* End PBXFileReference section */

/* Begin PBXFrameworksBuildPhase section */
		01C4CCCD2C9EBD660059DE1C /* Frameworks */ = {
			isa = PBXFrameworksBuildPhase;
			buildActionMask = 2147483647;
			files = (
				01C4CD152C9EC34B0059DE1C /* FirebaseStorageCombine-Community in Frameworks */,
				01C4CD0D2C9EC34B0059DE1C /* FirebaseMessaging in Frameworks */,
				01C4CD0B2C9EC34B0059DE1C /* FirebaseMLModelDownloader in Frameworks */,
				01C4CCF12C9EC34B0059DE1C /* FirebaseAppCheck in Frameworks */,
				01C4CCF52C9EC34B0059DE1C /* FirebaseAuth in Frameworks */,
				01C4CCEB2C9EC34B0059DE1C /* FirebaseAnalytics in Frameworks */,
				01C4CCF32C9EC34B0059DE1C /* FirebaseAppDistribution-Beta in Frameworks */,
				01C4CD312C9EEB4C0059DE1C /* AlamofireDynamic in Frameworks */,
				01C4CCEF2C9EC34B0059DE1C /* FirebaseAnalyticsWithoutAdIdSupport in Frameworks */,
				01C4CCF92C9EC34B0059DE1C /* FirebaseCrashlytics in Frameworks */,
				01C4CCFB2C9EC34B0059DE1C /* FirebaseDatabase in Frameworks */,
				01C4CD052C9EC34B0059DE1C /* FirebaseFunctionsCombine-Community in Frameworks */,
				01C4CCF72C9EC34B0059DE1C /* FirebaseAuthCombine-Community in Frameworks */,
				01C4CD342C9F200E0059DE1C /* AlamofireImage in Frameworks */,
				01C4CD132C9EC34B0059DE1C /* FirebaseStorage in Frameworks */,
				01C4CCED2C9EC34B0059DE1C /* FirebaseAnalyticsOnDeviceConversion in Frameworks */,
				01C4CD032C9EC34B0059DE1C /* FirebaseFunctions in Frameworks */,
				01C4CD092C9EC34B0059DE1C /* FirebaseInstallations in Frameworks */,
				01C4CD0F2C9EC34B0059DE1C /* FirebasePerformance in Frameworks */,
				01C4CD282C9ED66D0059DE1C /* GoogleSignIn in Frameworks */,
				01C4CD012C9EC34B0059DE1C /* FirebaseFirestoreCombine-Community in Frameworks */,
				01C4CCFF2C9EC34B0059DE1C /* FirebaseFirestore in Frameworks */,
				01C4CD2A2C9ED66D0059DE1C /* GoogleSignInSwift in Frameworks */,
				01C4CCFD2C9EC34B0059DE1C /* FirebaseDynamicLinks in Frameworks */,
				01C4CD072C9EC34B0059DE1C /* FirebaseInAppMessaging-Beta in Frameworks */,
				01C4CD172C9EC34B0059DE1C /* FirebaseVertexAI-Preview in Frameworks */,
				01C4CD112C9EC34B0059DE1C /* FirebaseRemoteConfig in Frameworks */,
				01C4CD2F2C9EEB4C0059DE1C /* Alamofire in Frameworks */,
			);
			runOnlyForDeploymentPostprocessing = 0;
		};
/* End PBXFrameworksBuildPhase section */

/* Begin PBXGroup section */
		01C4CCC72C9EBD660059DE1C = {
			isa = PBXGroup;
			children = (
				01C4CCD22C9EBD660059DE1C /* GameHub */,
				01C4CCD12C9EBD660059DE1C /* Products */,
			);
			sourceTree = "<group>";
		};
		01C4CCD12C9EBD660059DE1C /* Products */ = {
			isa = PBXGroup;
			children = (
				01C4CCD02C9EBD660059DE1C /* GameHub.app */,
			);
			name = Products;
			sourceTree = "<group>";
		};
		01C4CCD22C9EBD660059DE1C /* GameHub */ = {
			isa = PBXGroup;
			children = (
				01C4CCD32C9EBD660059DE1C /* AppDelegate.swift */,
				01C4CCD52C9EBD660059DE1C /* SceneDelegate.swift */,
				01C4CCD92C9EBD660059DE1C /* Main.storyboard */,
				01C4CCDC2C9EBD690059DE1C /* Assets.xcassets */,
				01C4CCDE2C9EBD690059DE1C /* LaunchScreen.storyboard */,
				01C4CCE12C9EBD690059DE1C /* Info.plist */,
				01C4CD2B2C9ED83E0059DE1C /* GoogleService-Info.plist */,
				01C4CD182C9EC71D0059DE1C /* MainTabBarController.swift */,
				01C4CD1A2C9EC7910059DE1C /* HomeViewController.swift */,
				01C4CD1C2C9EC7AA0059DE1C /* LibraryViewController.swift */,
				01C4CD1E2C9EC7BE0059DE1C /* MarketViewController.swift */,
				01C4CD202C9EC7D40059DE1C /* ProfileViewController.swift */,
				01C4CD222C9ECE140059DE1C /* LoginViewController.swift */,
				01C4CD242C9ECE570059DE1C /* SignupViewController.swift */,
			);
			path = GameHub;
			sourceTree = "<group>";
		};
/* End PBXGroup section */

/* Begin PBXNativeTarget section */
		01C4CCCF2C9EBD660059DE1C /* GameHub */ = {
			isa = PBXNativeTarget;
			buildConfigurationList = 01C4CCE42C9EBD690059DE1C /* Build configuration list for PBXNativeTarget "GameHub" */;
			buildPhases = (
				01C4CCCC2C9EBD660059DE1C /* Sources */,
				01C4CCCD2C9EBD660059DE1C /* Frameworks */,
				01C4CCCE2C9EBD660059DE1C /* Resources */,
			);
			buildRules = (
			);
			dependencies = (
			);
			name = GameHub;
			packageProductDependencies = (
				01C4CCEA2C9EC34B0059DE1C /* FirebaseAnalytics */,
				01C4CCEC2C9EC34B0059DE1C /* FirebaseAnalyticsOnDeviceConversion */,
				01C4CCEE2C9EC34B0059DE1C /* FirebaseAnalyticsWithoutAdIdSupport */,
				01C4CCF02C9EC34B0059DE1C /* FirebaseAppCheck */,
				01C4CCF22C9EC34B0059DE1C /* FirebaseAppDistribution-Beta */,
				01C4CCF42C9EC34B0059DE1C /* FirebaseAuth */,
				01C4CCF62C9EC34B0059DE1C /* FirebaseAuthCombine-Community */,
				01C4CCF82C9EC34B0059DE1C /* FirebaseCrashlytics */,
				01C4CCFA2C9EC34B0059DE1C /* FirebaseDatabase */,
				01C4CCFC2C9EC34B0059DE1C /* FirebaseDynamicLinks */,
				01C4CCFE2C9EC34B0059DE1C /* FirebaseFirestore */,
				01C4CD002C9EC34B0059DE1C /* FirebaseFirestoreCombine-Community */,
				01C4CD022C9EC34B0059DE1C /* FirebaseFunctions */,
				01C4CD042C9EC34B0059DE1C /* FirebaseFunctionsCombine-Community */,
				01C4CD062C9EC34B0059DE1C /* FirebaseInAppMessaging-Beta */,
				01C4CD082C9EC34B0059DE1C /* FirebaseInstallations */,
				01C4CD0A2C9EC34B0059DE1C /* FirebaseMLModelDownloader */,
				01C4CD0C2C9EC34B0059DE1C /* FirebaseMessaging */,
				01C4CD0E2C9EC34B0059DE1C /* FirebasePerformance */,
				01C4CD102C9EC34B0059DE1C /* FirebaseRemoteConfig */,
				01C4CD122C9EC34B0059DE1C /* FirebaseStorage */,
				01C4CD142C9EC34B0059DE1C /* FirebaseStorageCombine-Community */,
				01C4CD162C9EC34B0059DE1C /* FirebaseVertexAI-Preview */,
				01C4CD272C9ED66D0059DE1C /* GoogleSignIn */,
				01C4CD292C9ED66D0059DE1C /* GoogleSignInSwift */,
				01C4CD2E2C9EEB4C0059DE1C /* Alamofire */,
				01C4CD302C9EEB4C0059DE1C /* AlamofireDynamic */,
				01C4CD332C9F200E0059DE1C /* AlamofireImage */,
			);
			productName = GameHub;
			productReference = 01C4CCD02C9EBD660059DE1C /* GameHub.app */;
			productType = "com.apple.product-type.application";
		};
/* End PBXNativeTarget section */

/* Begin PBXProject section */
		01C4CCC82C9EBD660059DE1C /* Project object */ = {
			isa = PBXProject;
			attributes = {
				BuildIndependentTargetsInParallel = 1;
				LastSwiftUpdateCheck = 1520;
				LastUpgradeCheck = 1520;
				TargetAttributes = {
					01C4CCCF2C9EBD660059DE1C = {
						CreatedOnToolsVersion = 15.2;
					};
				};
			};
			buildConfigurationList = 01C4CCCB2C9EBD660059DE1C /* Build configuration list for PBXProject "GameHub" */;
			compatibilityVersion = "Xcode 14.0";
			developmentRegion = en;
			hasScannedForEncodings = 0;
			knownRegions = (
				en,
				Base,
			);
			mainGroup = 01C4CCC72C9EBD660059DE1C;
			packageReferences = (
				01C4CCE92C9EC34B0059DE1C /* XCRemoteSwiftPackageReference "firebase-ios-sdk" */,
				01C4CD262C9ED66D0059DE1C /* XCRemoteSwiftPackageReference "GoogleSignIn-iOS" */,
				01C4CD2D2C9EEB4C0059DE1C /* XCRemoteSwiftPackageReference "Alamofire" */,
				01C4CD322C9F200E0059DE1C /* XCRemoteSwiftPackageReference "AlamofireImage" */,
			);
			productRefGroup = 01C4CCD12C9EBD660059DE1C /* Products */;
			projectDirPath = "";
			projectRoot = "";
			targets = (
				01C4CCCF2C9EBD660059DE1C /* GameHub */,
			);
		};
/* End PBXProject section */

/* Begin PBXResourcesBuildPhase section */
		01C4CCCE2C9EBD660059DE1C /* Resources */ = {
			isa = PBXResourcesBuildPhase;
			buildActionMask = 2147483647;
			files = (
				01C4CCE02C9EBD690059DE1C /* LaunchScreen.storyboard in Resources */,
				01C4CD2C2C9ED83E0059DE1C /* GoogleService-Info.plist in Resources */,
				01C4CCDD2C9EBD690059DE1C /* Assets.xcassets in Resources */,
				01C4CCDB2C9EBD660059DE1C /* Main.storyboard in Resources */,
			);
			runOnlyForDeploymentPostprocessing = 0;
		};
/* End PBXResourcesBuildPhase section */

/* Begin PBXSourcesBuildPhase section */
		01C4CCCC2C9EBD660059DE1C /* Sources */ = {
			isa = PBXSourcesBuildPhase;
			buildActionMask = 2147483647;
			files = (
				01C4CD252C9ECE570059DE1C /* SignupViewController.swift in Sources */,
				01C4CD1B2C9EC7910059DE1C /* HomeViewController.swift in Sources */,
				01C4CCD42C9EBD660059DE1C /* AppDelegate.swift in Sources */,
				01C4CD192C9EC71D0059DE1C /* MainTabBarController.swift in Sources */,
				01C4CD1D2C9EC7AA0059DE1C /* LibraryViewController.swift in Sources */,
				01C4CD232C9ECE140059DE1C /* LoginViewController.swift in Sources */,
				01C4CCD62C9EBD660059DE1C /* SceneDelegate.swift in Sources */,
				01C4CD212C9EC7D40059DE1C /* ProfileViewController.swift in Sources */,
				01C4CD1F2C9EC7BE0059DE1C /* MarketViewController.swift in Sources */,
			);
			runOnlyForDeploymentPostprocessing = 0;
		};
/* End PBXSourcesBuildPhase section */

/* Begin PBXVariantGroup section */
		01C4CCD92C9EBD660059DE1C /* Main.storyboard */ = {
			isa = PBXVariantGroup;
			children = (
				01C4CCDA2C9EBD660059DE1C /* Base */,
			);
			name = Main.storyboard;
			sourceTree = "<group>";
		};
		01C4CCDE2C9EBD690059DE1C /* LaunchScreen.storyboard */ = {
			isa = PBXVariantGroup;
			children = (
				01C4CCDF2C9EBD690059DE1C /* Base */,
			);
			name = LaunchScreen.storyboard;
			sourceTree = "<group>";
		};
/* End PBXVariantGroup section */

/* Begin XCBuildConfiguration section */
		01C4CCE22C9EBD690059DE1C /* Debug */ = {
			isa = XCBuildConfiguration;
			buildSettings = {
				ALWAYS_SEARCH_USER_PATHS = NO;
				ASSETCATALOG_COMPILER_GENERATE_SWIFT_ASSET_SYMBOL_EXTENSIONS = YES;
				CLANG_ANALYZER_NONNULL = YES;
				CLANG_ANALYZER_NUMBER_OBJECT_CONVERSION = YES_AGGRESSIVE;
				CLANG_CXX_LANGUAGE_STANDARD = "gnu++20";
				CLANG_ENABLE_MODULES = YES;
				CLANG_ENABLE_OBJC_ARC = YES;
				CLANG_ENABLE_OBJC_WEAK = YES;
				CLANG_WARN_BLOCK_CAPTURE_AUTORELEASING = YES;
				CLANG_WARN_BOOL_CONVERSION = YES;
				CLANG_WARN_COMMA = YES;
				CLANG_WARN_CONSTANT_CONVERSION = YES;
				CLANG_WARN_DEPRECATED_OBJC_IMPLEMENTATIONS = YES;
				CLANG_WARN_DIRECT_OBJC_ISA_USAGE = YES_ERROR;
				CLANG_WARN_DOCUMENTATION_COMMENTS = YES;
				CLANG_WARN_EMPTY_BODY = YES;
				CLANG_WARN_ENUM_CONVERSION = YES;
				CLANG_WARN_INFINITE_RECURSION = YES;
				CLANG_WARN_INT_CONVERSION = YES;
				CLANG_WARN_NON_LITERAL_NULL_CONVERSION = YES;
				CLANG_WARN_OBJC_IMPLICIT_RETAIN_SELF = YES;
				CLANG_WARN_OBJC_LITERAL_CONVERSION = YES;
				CLANG_WARN_OBJC_ROOT_CLASS = YES_ERROR;
				CLANG_WARN_QUOTED_INCLUDE_IN_FRAMEWORK_HEADER = YES;
				CLANG_WARN_RANGE_LOOP_ANALYSIS = YES;
				CLANG_WARN_STRICT_PROTOTYPES = YES;
				CLANG_WARN_SUSPICIOUS_MOVE = YES;
				CLANG_WARN_UNGUARDED_AVAILABILITY = YES_AGGRESSIVE;
				CLANG_WARN_UNREACHABLE_CODE = YES;
				CLANG_WARN__DUPLICATE_METHOD_MATCH = YES;
				COPY_PHASE_STRIP = NO;
				DEBUG_INFORMATION_FORMAT = dwarf;
				ENABLE_STRICT_OBJC_MSGSEND = YES;
				ENABLE_TESTABILITY = YES;
				ENABLE_USER_SCRIPT_SANDBOXING = YES;
				GCC_C_LANGUAGE_STANDARD = gnu17;
				GCC_DYNAMIC_NO_PIC = NO;
				GCC_NO_COMMON_BLOCKS = YES;
				GCC_OPTIMIZATION_LEVEL = 0;
				GCC_PREPROCESSOR_DEFINITIONS = (
					"DEBUG=1",
					"$(inherited)",
				);
				GCC_WARN_64_TO_32_BIT_CONVERSION = YES;
				GCC_WARN_ABOUT_RETURN_TYPE = YES_ERROR;
				GCC_WARN_UNDECLARED_SELECTOR = YES;
				GCC_WARN_UNINITIALIZED_AUTOS = YES_AGGRESSIVE;
				GCC_WARN_UNUSED_FUNCTION = YES;
				GCC_WARN_UNUSED_VARIABLE = YES;
				IPHONEOS_DEPLOYMENT_TARGET = 17.2;
				LOCALIZATION_PREFERS_STRING_CATALOGS = YES;
				MTL_ENABLE_DEBUG_INFO = INCLUDE_SOURCE;
				MTL_FAST_MATH = YES;
				ONLY_ACTIVE_ARCH = YES;
				SDKROOT = iphoneos;
				SWIFT_ACTIVE_COMPILATION_CONDITIONS = "DEBUG $(inherited)";
				SWIFT_OPTIMIZATION_LEVEL = "-Onone";
			};
			name = Debug;
		};
		01C4CCE32C9EBD690059DE1C /* Release */ = {
			isa = XCBuildConfiguration;
			buildSettings = {
				ALWAYS_SEARCH_USER_PATHS = NO;
				ASSETCATALOG_COMPILER_GENERATE_SWIFT_ASSET_SYMBOL_EXTENSIONS = YES;
				CLANG_ANALYZER_NONNULL = YES;
				CLANG_ANALYZER_NUMBER_OBJECT_CONVERSION = YES_AGGRESSIVE;
				CLANG_CXX_LANGUAGE_STANDARD = "gnu++20";
				CLANG_ENABLE_MODULES = YES;
				CLANG_ENABLE_OBJC_ARC = YES;
				CLANG_ENABLE_OBJC_WEAK = YES;
				CLANG_WARN_BLOCK_CAPTURE_AUTORELEASING = YES;
				CLANG_WARN_BOOL_CONVERSION = YES;
				CLANG_WARN_COMMA = YES;
				CLANG_WARN_CONSTANT_CONVERSION = YES;
				CLANG_WARN_DEPRECATED_OBJC_IMPLEMENTATIONS = YES;
				CLANG_WARN_DIRECT_OBJC_ISA_USAGE = YES_ERROR;
				CLANG_WARN_DOCUMENTATION_COMMENTS = YES;
				CLANG_WARN_EMPTY_BODY = YES;
				CLANG_WARN_ENUM_CONVERSION = YES;
				CLANG_WARN_INFINITE_RECURSION = YES;
				CLANG_WARN_INT_CONVERSION = YES;
				CLANG_WARN_NON_LITERAL_NULL_CONVERSION = YES;
				CLANG_WARN_OBJC_IMPLICIT_RETAIN_SELF = YES;
				CLANG_WARN_OBJC_LITERAL_CONVERSION = YES;
				CLANG_WARN_OBJC_ROOT_CLASS = YES_ERROR;
				CLANG_WARN_QUOTED_INCLUDE_IN_FRAMEWORK_HEADER = YES;
				CLANG_WARN_RANGE_LOOP_ANALYSIS = YES;
				CLANG_WARN_STRICT_PROTOTYPES = YES;
				CLANG_WARN_SUSPICIOUS_MOVE = YES;
				CLANG_WARN_UNGUARDED_AVAILABILITY = YES_AGGRESSIVE;
				CLANG_WARN_UNREACHABLE_CODE = YES;
				CLANG_WARN__DUPLICATE_METHOD_MATCH = YES;
				COPY_PHASE_STRIP = NO;
				DEBUG_INFORMATION_FORMAT = "dwarf-with-dsym";
				ENABLE_NS_ASSERTIONS = NO;
				ENABLE_STRICT_OBJC_MSGSEND = YES;
				ENABLE_USER_SCRIPT_SANDBOXING = YES;
				GCC_C_LANGUAGE_STANDARD = gnu17;
				GCC_NO_COMMON_BLOCKS = YES;
				GCC_WARN_64_TO_32_BIT_CONVERSION = YES;
				GCC_WARN_ABOUT_RETURN_TYPE = YES_ERROR;
				GCC_WARN_UNDECLARED_SELECTOR = YES;
				GCC_WARN_UNINITIALIZED_AUTOS = YES_AGGRESSIVE;
				GCC_WARN_UNUSED_FUNCTION = YES;
				GCC_WARN_UNUSED_VARIABLE = YES;
				IPHONEOS_DEPLOYMENT_TARGET = 17.2;
				LOCALIZATION_PREFERS_STRING_CATALOGS = YES;
				MTL_ENABLE_DEBUG_INFO = NO;
				MTL_FAST_MATH = YES;
				SDKROOT = iphoneos;
				SWIFT_COMPILATION_MODE = wholemodule;
				VALIDATE_PRODUCT = YES;
			};
			name = Release;
		};
		01C4CCE52C9EBD690059DE1C /* Debug */ = {
			isa = XCBuildConfiguration;
			buildSettings = {
				ASSETCATALOG_COMPILER_APPICON_NAME = AppIcon;
				ASSETCATALOG_COMPILER_GLOBAL_ACCENT_COLOR_NAME = AccentColor;
				CODE_SIGN_STYLE = Automatic;
				CURRENT_PROJECT_VERSION = 1;
				DEVELOPMENT_TEAM = BL46T863TY;
				GENERATE_INFOPLIST_FILE = YES;
				INFOPLIST_FILE = GameHub/Info.plist;
				INFOPLIST_KEY_UIApplicationSupportsIndirectInputEvents = YES;
				INFOPLIST_KEY_UILaunchStoryboardName = LaunchScreen;
				INFOPLIST_KEY_UIMainStoryboardFile = Main;
				INFOPLIST_KEY_UISupportedInterfaceOrientations_iPad = "UIInterfaceOrientationPortrait UIInterfaceOrientationPortraitUpsideDown UIInterfaceOrientationLandscapeLeft UIInterfaceOrientationLandscapeRight";
				INFOPLIST_KEY_UISupportedInterfaceOrientations_iPhone = "UIInterfaceOrientationPortrait UIInterfaceOrientationLandscapeLeft UIInterfaceOrientationLandscapeRight";
				LD_RUNPATH_SEARCH_PATHS = (
					"$(inherited)",
					"@executable_path/Frameworks",
				);
				MARKETING_VERSION = 1.0;
				PRODUCT_BUNDLE_IDENTIFIER = kris.GameHub;
				PRODUCT_NAME = "$(TARGET_NAME)";
				SWIFT_EMIT_LOC_STRINGS = YES;
				SWIFT_VERSION = 5.0;
				TARGETED_DEVICE_FAMILY = "1,2";
			};
			name = Debug;
		};
		01C4CCE62C9EBD690059DE1C /* Release */ = {
			isa = XCBuildConfiguration;
			buildSettings = {
				ASSETCATALOG_COMPILER_APPICON_NAME = AppIcon;
				ASSETCATALOG_COMPILER_GLOBAL_ACCENT_COLOR_NAME = AccentColor;
				CODE_SIGN_STYLE = Automatic;
				CURRENT_PROJECT_VERSION = 1;
				DEVELOPMENT_TEAM = BL46T863TY;
				GENERATE_INFOPLIST_FILE = YES;
				INFOPLIST_FILE = GameHub/Info.plist;
				INFOPLIST_KEY_UIApplicationSupportsIndirectInputEvents = YES;
				INFOPLIST_KEY_UILaunchStoryboardName = LaunchScreen;
				INFOPLIST_KEY_UIMainStoryboardFile = Main;
				INFOPLIST_KEY_UISupportedInterfaceOrientations_iPad = "UIInterfaceOrientationPortrait UIInterfaceOrientationPortraitUpsideDown UIInterfaceOrientationLandscapeLeft UIInterfaceOrientationLandscapeRight";
				INFOPLIST_KEY_UISupportedInterfaceOrientations_iPhone = "UIInterfaceOrientationPortrait UIInterfaceOrientationLandscapeLeft UIInterfaceOrientationLandscapeRight";
				LD_RUNPATH_SEARCH_PATHS = (
					"$(inherited)",
					"@executable_path/Frameworks",
				);
				MARKETING_VERSION = 1.0;
				PRODUCT_BUNDLE_IDENTIFIER = kris.GameHub;
				PRODUCT_NAME = "$(TARGET_NAME)";
				SWIFT_EMIT_LOC_STRINGS = YES;
				SWIFT_VERSION = 5.0;
				TARGETED_DEVICE_FAMILY = "1,2";
			};
			name = Release;
		};
/* End XCBuildConfiguration section */

/* Begin XCConfigurationList section */
		01C4CCCB2C9EBD660059DE1C /* Build configuration list for PBXProject "GameHub" */ = {
			isa = XCConfigurationList;
			buildConfigurations = (
				01C4CCE22C9EBD690059DE1C /* Debug */,
				01C4CCE32C9EBD690059DE1C /* Release */,
			);
			defaultConfigurationIsVisible = 0;
			defaultConfigurationName = Release;
		};
		01C4CCE42C9EBD690059DE1C /* Build configuration list for PBXNativeTarget "GameHub" */ = {
			isa = XCConfigurationList;
			buildConfigurations = (
				01C4CCE52C9EBD690059DE1C /* Debug */,
				01C4CCE62C9EBD690059DE1C /* Release */,
			);
			defaultConfigurationIsVisible = 0;
			defaultConfigurationName = Release;
		};
/* End XCConfigurationList section */

/* Begin XCRemoteSwiftPackageReference section */
		01C4CCE92C9EC34B0059DE1C /* XCRemoteSwiftPackageReference "firebase-ios-sdk" */ = {
			isa = XCRemoteSwiftPackageReference;
			repositoryURL = "https://github.com/firebase/firebase-ios-sdk";
			requirement = {
				kind = upToNextMajorVersion;
				minimumVersion = 11.2.0;
			};
		};
		01C4CD262C9ED66D0059DE1C /* XCRemoteSwiftPackageReference "GoogleSignIn-iOS" */ = {
			isa = XCRemoteSwiftPackageReference;
			repositoryURL = "https://github.com/google/GoogleSignIn-iOS";
			requirement = {
				kind = upToNextMajorVersion;
				minimumVersion = 8.0.0;
			};
		};
		01C4CD2D2C9EEB4C0059DE1C /* XCRemoteSwiftPackageReference "Alamofire" */ = {
			isa = XCRemoteSwiftPackageReference;
			repositoryURL = "https://github.com/Alamofire/Alamofire.git";
			requirement = {
				kind = upToNextMajorVersion;
				minimumVersion = 5.9.1;
			};
		};
		01C4CD322C9F200E0059DE1C /* XCRemoteSwiftPackageReference "AlamofireImage" */ = {
			isa = XCRemoteSwiftPackageReference;
			repositoryURL = "https://github.com/Alamofire/AlamofireImage.git";
			requirement = {
				kind = upToNextMajorVersion;
				minimumVersion = 4.3.0;
			};
		};
/* End XCRemoteSwiftPackageReference section */

/* Begin XCSwiftPackageProductDependency section */
		01C4CCEA2C9EC34B0059DE1C /* FirebaseAnalytics */ = {
			isa = XCSwiftPackageProductDependency;
			package = 01C4CCE92C9EC34B0059DE1C /* XCRemoteSwiftPackageReference "firebase-ios-sdk" */;
			productName = FirebaseAnalytics;
		};
		01C4CCEC2C9EC34B0059DE1C /* FirebaseAnalyticsOnDeviceConversion */ = {
			isa = XCSwiftPackageProductDependency;
			package = 01C4CCE92C9EC34B0059DE1C /* XCRemoteSwiftPackageReference "firebase-ios-sdk" */;
			productName = FirebaseAnalyticsOnDeviceConversion;
		};
		01C4CCEE2C9EC34B0059DE1C /* FirebaseAnalyticsWithoutAdIdSupport */ = {
			isa = XCSwiftPackageProductDependency;
			package = 01C4CCE92C9EC34B0059DE1C /* XCRemoteSwiftPackageReference "firebase-ios-sdk" */;
			productName = FirebaseAnalyticsWithoutAdIdSupport;
		};
		01C4CCF02C9EC34B0059DE1C /* FirebaseAppCheck */ = {
			isa = XCSwiftPackageProductDependency;
			package = 01C4CCE92C9EC34B0059DE1C /* XCRemoteSwiftPackageReference "firebase-ios-sdk" */;
			productName = FirebaseAppCheck;
		};
		01C4CCF22C9EC34B0059DE1C /* FirebaseAppDistribution-Beta */ = {
			isa = XCSwiftPackageProductDependency;
			package = 01C4CCE92C9EC34B0059DE1C /* XCRemoteSwiftPackageReference "firebase-ios-sdk" */;
			productName = "FirebaseAppDistribution-Beta";
		};
		01C4CCF42C9EC34B0059DE1C /* FirebaseAuth */ = {
			isa = XCSwiftPackageProductDependency;
			package = 01C4CCE92C9EC34B0059DE1C /* XCRemoteSwiftPackageReference "firebase-ios-sdk" */;
			productName = FirebaseAuth;
		};
		01C4CCF62C9EC34B0059DE1C /* FirebaseAuthCombine-Community */ = {
			isa = XCSwiftPackageProductDependency;
			package = 01C4CCE92C9EC34B0059DE1C /* XCRemoteSwiftPackageReference "firebase-ios-sdk" */;
			productName = "FirebaseAuthCombine-Community";
		};
		01C4CCF82C9EC34B0059DE1C /* FirebaseCrashlytics */ = {
			isa = XCSwiftPackageProductDependency;
			package = 01C4CCE92C9EC34B0059DE1C /* XCRemoteSwiftPackageReference "firebase-ios-sdk" */;
			productName = FirebaseCrashlytics;
		};
		01C4CCFA2C9EC34B0059DE1C /* FirebaseDatabase */ = {
			isa = XCSwiftPackageProductDependency;
			package = 01C4CCE92C9EC34B0059DE1C /* XCRemoteSwiftPackageReference "firebase-ios-sdk" */;
			productName = FirebaseDatabase;
		};
		01C4CCFC2C9EC34B0059DE1C /* FirebaseDynamicLinks */ = {
			isa = XCSwiftPackageProductDependency;
			package = 01C4CCE92C9EC34B0059DE1C /* XCRemoteSwiftPackageReference "firebase-ios-sdk" */;
			productName = FirebaseDynamicLinks;
		};
		01C4CCFE2C9EC34B0059DE1C /* FirebaseFirestore */ = {
			isa = XCSwiftPackageProductDependency;
			package = 01C4CCE92C9EC34B0059DE1C /* XCRemoteSwiftPackageReference "firebase-ios-sdk" */;
			productName = FirebaseFirestore;
		};
		01C4CD002C9EC34B0059DE1C /* FirebaseFirestoreCombine-Community */ = {
			isa = XCSwiftPackageProductDependency;
			package = 01C4CCE92C9EC34B0059DE1C /* XCRemoteSwiftPackageReference "firebase-ios-sdk" */;
			productName = "FirebaseFirestoreCombine-Community";
		};
		01C4CD022C9EC34B0059DE1C /* FirebaseFunctions */ = {
			isa = XCSwiftPackageProductDependency;
			package = 01C4CCE92C9EC34B0059DE1C /* XCRemoteSwiftPackageReference "firebase-ios-sdk" */;
			productName = FirebaseFunctions;
		};
		01C4CD042C9EC34B0059DE1C /* FirebaseFunctionsCombine-Community */ = {
			isa = XCSwiftPackageProductDependency;
			package = 01C4CCE92C9EC34B0059DE1C /* XCRemoteSwiftPackageReference "firebase-ios-sdk" */;
			productName = "FirebaseFunctionsCombine-Community";
		};
		01C4CD062C9EC34B0059DE1C /* FirebaseInAppMessaging-Beta */ = {
			isa = XCSwiftPackageProductDependency;
			package = 01C4CCE92C9EC34B0059DE1C /* XCRemoteSwiftPackageReference "firebase-ios-sdk" */;
			productName = "FirebaseInAppMessaging-Beta";
		};
		01C4CD082C9EC34B0059DE1C /* FirebaseInstallations */ = {
			isa = XCSwiftPackageProductDependency;
			package = 01C4CCE92C9EC34B0059DE1C /* XCRemoteSwiftPackageReference "firebase-ios-sdk" */;
			productName = FirebaseInstallations;
		};
		01C4CD0A2C9EC34B0059DE1C /* FirebaseMLModelDownloader */ = {
			isa = XCSwiftPackageProductDependency;
			package = 01C4CCE92C9EC34B0059DE1C /* XCRemoteSwiftPackageReference "firebase-ios-sdk" */;
			productName = FirebaseMLModelDownloader;
		};
		01C4CD0C2C9EC34B0059DE1C /* FirebaseMessaging */ = {
			isa = XCSwiftPackageProductDependency;
			package = 01C4CCE92C9EC34B0059DE1C /* XCRemoteSwiftPackageReference "firebase-ios-sdk" */;
			productName = FirebaseMessaging;
		};
		01C4CD0E2C9EC34B0059DE1C /* FirebasePerformance */ = {
			isa = XCSwiftPackageProductDependency;
			package = 01C4CCE92C9EC34B0059DE1C /* XCRemoteSwiftPackageReference "firebase-ios-sdk" */;
			productName = FirebasePerformance;
		};
		01C4CD102C9EC34B0059DE1C /* FirebaseRemoteConfig */ = {
			isa = XCSwiftPackageProductDependency;
			package = 01C4CCE92C9EC34B0059DE1C /* XCRemoteSwiftPackageReference "firebase-ios-sdk" */;
			productName = FirebaseRemoteConfig;
		};
		01C4CD122C9EC34B0059DE1C /* FirebaseStorage */ = {
			isa = XCSwiftPackageProductDependency;
			package = 01C4CCE92C9EC34B0059DE1C /* XCRemoteSwiftPackageReference "firebase-ios-sdk" */;
			productName = FirebaseStorage;
		};
		01C4CD142C9EC34B0059DE1C /* FirebaseStorageCombine-Community */ = {
			isa = XCSwiftPackageProductDependency;
			package = 01C4CCE92C9EC34B0059DE1C /* XCRemoteSwiftPackageReference "firebase-ios-sdk" */;
			productName = "FirebaseStorageCombine-Community";
		};
		01C4CD162C9EC34B0059DE1C /* FirebaseVertexAI-Preview */ = {
			isa = XCSwiftPackageProductDependency;
			package = 01C4CCE92C9EC34B0059DE1C /* XCRemoteSwiftPackageReference "firebase-ios-sdk" */;
			productName = "FirebaseVertexAI-Preview";
		};
		01C4CD272C9ED66D0059DE1C /* GoogleSignIn */ = {
			isa = XCSwiftPackageProductDependency;
			package = 01C4CD262C9ED66D0059DE1C /* XCRemoteSwiftPackageReference "GoogleSignIn-iOS" */;
			productName = GoogleSignIn;
		};
		01C4CD292C9ED66D0059DE1C /* GoogleSignInSwift */ = {
			isa = XCSwiftPackageProductDependency;
			package = 01C4CD262C9ED66D0059DE1C /* XCRemoteSwiftPackageReference "GoogleSignIn-iOS" */;
			productName = GoogleSignInSwift;
		};
		01C4CD2E2C9EEB4C0059DE1C /* Alamofire */ = {
			isa = XCSwiftPackageProductDependency;
			package = 01C4CD2D2C9EEB4C0059DE1C /* XCRemoteSwiftPackageReference "Alamofire" */;
			productName = Alamofire;
		};
		01C4CD302C9EEB4C0059DE1C /* AlamofireDynamic */ = {
			isa = XCSwiftPackageProductDependency;
			package = 01C4CD2D2C9EEB4C0059DE1C /* XCRemoteSwiftPackageReference "Alamofire" */;
			productName = AlamofireDynamic;
		};
		01C4CD332C9F200E0059DE1C /* AlamofireImage */ = {
			isa = XCSwiftPackageProductDependency;
			package = 01C4CD322C9F200E0059DE1C /* XCRemoteSwiftPackageReference "AlamofireImage" */;
			productName = AlamofireImage;
		};
/* End XCSwiftPackageProductDependency section */
	};
	rootObject = 01C4CCC82C9EBD660059DE1C /* Project object */;
}
